
Microsoft Visual Studio Solution File, Format Version 12.00
# Visual Studio Version 17
VisualStudioVersion = 17.0.31903.59
MinimumVisualStudioVersion = 10.0.40219.1
Project("{2150E333-8FDC-42A3-9474-1A3956D46DE8}") = "src", "src", "{827E0CD3-B72D-47B6-A68D-7590B98EB39B}"
EndProject
Project("{FAE04EC0-301F-11D3-BF4B-00C04F79EFBC}") = "PaymentRoutingEngine.Api", "src\PaymentRoutingEngine.Api\PaymentRoutingEngine.Api.csproj", "{532D945D-AB56-45A9-84B5-86FF0C9F6787}"
EndProject
Project("{FAE04EC0-301F-11D3-BF4B-00C04F79EFBC}") = "PaymentRoutingEngine.Application", "src\PaymentRoutingEngine.Application\PaymentRoutingEngine.Application.csproj", "{A10CF1AA-1FEC-40FF-917D-A3EE404E54E1}"
EndProject
Project("{FAE04EC0-301F-11D3-BF4B-00C04F79EFBC}") = "PaymentRoutingEngine.Domain", "src\PaymentRoutingEngine.Domain\PaymentRoutingEngine.Domain.csproj", "{D08A4C9F-BC0C-4DC6-A024-75CACEE9D7D6}"
EndProject
Project("{FAE04EC0-301F-11D3-BF4B-00C04F79EFBC}") = "PaymentRoutingEngine.Infrastructure", "src\PaymentRoutingEngine.Infrastructure\PaymentRoutingEngine.Infrastructure.csproj", "{52EA9A6E-E8DD-4E2F-8C84-5578CE7E5D26}"
EndProject
Project("{FAE04EC0-301F-11D3-BF4B-00C04F79EFBC}") = "PaymentRoutingEngine.Workers", "src\PaymentRoutingEngine.Workers\PaymentRoutingEngine.Workers.csproj", "{151074DA-D78D-46A8-B3D7-77CDE3EDE0F6}"
EndProject
Project("{2150E333-8FDC-42A3-9474-1A3956D46DE8}") = "tests", "tests", "{0AB3BF05-4346-4AA6-1389-037BE0695223}"
EndProject
Project("{FAE04EC0-301F-11D3-BF4B-00C04F79EFBC}") = "PaymentRoutingEngine.UnitTests", "tests\PaymentRoutingEngine.UnitTests\PaymentRoutingEngine.UnitTests.csproj", "{85FB323F-B71A-47A2-8C13-CCBCCB1788CF}"
EndProject
Project("{FAE04EC0-301F-11D3-BF4B-00C04F79EFBC}") = "PaymentRoutingEngine.IntegrationTests", "tests\PaymentRoutingEngine.IntegrationTests\PaymentRoutingEngine.IntegrationTests.csproj", "{C2289B79-4205-4452-91A8-82599343CF20}"
EndProject
Project("{FAE04EC0-301F-11D3-BF4B-00C04F79EFBC}") = "PaymentRoutingEngine.ArchitectureTests", "tests\PaymentRoutingEngine.ArchitectureTests\PaymentRoutingEngine.ArchitectureTests.csproj", "{077C6B75-48DA-4E9F-9B82-A978D5D2B5ED}"
EndProject
Global
	GlobalSection(SolutionConfigurationPlatforms) = preSolution
		Debug|Any CPU = Debug|Any CPU
		Debug|x64 = Debug|x64
		Debug|x86 = Debug|x86
		Release|Any CPU = Release|Any CPU
		Release|x64 = Release|x64
		Release|x86 = Release|x86
	EndGlobalSection
	GlobalSection(ProjectConfigurationPlatforms) = postSolution
		{532D945D-AB56-45A9-84B5-86FF0C9F6787}.Debug|Any CPU.ActiveCfg = Debug|Any CPU
		{532D945D-AB56-45A9-84B5-86FF0C9F6787}.Debug|Any CPU.Build.0 = Debug|Any CPU
		{532D945D-AB56-45A9-84B5-86FF0C9F6787}.Debug|x64.ActiveCfg = Debug|Any CPU
		{532D945D-AB56-45A9-84B5-86FF0C9F6787}.Debug|x64.Build.0 = Debug|Any CPU
		{532D945D-AB56-45A9-84B5-86FF0C9F6787}.Debug|x86.ActiveCfg = Debug|Any CPU
		{532D945D-AB56-45A9-84B5-86FF0C9F6787}.Debug|x86.Build.0 = Debug|Any CPU
		{532D945D-AB56-45A9-84B5-86FF0C9F6787}.Release|Any CPU.ActiveCfg = Release|Any CPU
		{532D945D-AB56-45A9-84B5-86FF0C9F6787}.Release|Any CPU.Build.0 = Release|Any CPU
		{532D945D-AB56-45A9-84B5-86FF0C9F6787}.Release|x64.ActiveCfg = Release|Any CPU
		{532D945D-AB56-45A9-84B5-86FF0C9F6787}.Release|x64.Build.0 = Release|Any CPU
		{532D945D-AB56-45A9-84B5-86FF0C9F6787}.Release|x86.ActiveCfg = Release|Any CPU
		{532D945D-AB56-45A9-84B5-86FF0C9F6787}.Release|x86.Build.0 = Release|Any CPU
		{A10CF1AA-1FEC-40FF-917D-A3EE404E54E1}.Debug|Any CPU.ActiveCfg = Debug|Any CPU
		{A10CF1AA-1FEC-40FF-917D-A3EE404E54E1}.Debug|Any CPU.Build.0 = Debug|Any CPU
		{A10CF1AA-1FEC-40FF-917D-A3EE404E54E1}.Debug|x64.ActiveCfg = Debug|Any CPU
		{A10CF1AA-1FEC-40FF-917D-A3EE404E54E1}.Debug|x64.Build.0 = Debug|Any CPU
		{A10CF1AA-1FEC-40FF-917D-A3EE404E54E1}.Debug|x86.ActiveCfg = Debug|Any CPU
		{A10CF1AA-1FEC-40FF-917D-A3EE404E54E1}.Debug|x86.Build.0 = Debug|Any CPU
		{A10CF1AA-1FEC-40FF-917D-A3EE404E54E1}.Release|Any CPU.ActiveCfg = Release|Any CPU
		{A10CF1AA-1FEC-40FF-917D-A3EE404E54E1}.Release|Any CPU.Build.0 = Release|Any CPU
		{A10CF1AA-1FEC-40FF-917D-A3EE404E54E1}.Release|x64.ActiveCfg = Release|Any CPU
		{A10CF1AA-1FEC-40FF-917D-A3EE404E54E1}.Release|x64.Build.0 = Release|Any CPU
		{A10CF1AA-1FEC-40FF-917D-A3EE404E54E1}.Release|x86.ActiveCfg = Release|Any CPU
		{A10CF1AA-1FEC-40FF-917D-A3EE404E54E1}.Release|x86.Build.0 = Release|Any CPU
		{D08A4C9F-BC0C-4DC6-A024-75CACEE9D7D6}.Debug|Any CPU.ActiveCfg = Debug|Any CPU
		{D08A4C9F-BC0C-4DC6-A024-75CACEE9D7D6}.Debug|Any CPU.Build.0 = Debug|Any CPU
		{D08A4C9F-BC0C-4DC6-A024-75CACEE9D7D6}.Debug|x64.ActiveCfg = Debug|Any CPU
		{D08A4C9F-BC0C-4DC6-A024-75CACEE9D7D6}.Debug|x64.Build.0 = Debug|Any CPU
		{D08A4C9F-BC0C-4DC6-A024-75CACEE9D7D6}.Debug|x86.ActiveCfg = Debug|Any CPU
		{D08A4C9F-BC0C-4DC6-A024-75CACEE9D7D6}.Debug|x86.Build.0 = Debug|Any CPU
		{D08A4C9F-BC0C-4DC6-A024-75CACEE9D7D6}.Release|Any CPU.ActiveCfg = Release|Any CPU
		{D08A4C9F-BC0C-4DC6-A024-75CACEE9D7D6}.Release|Any CPU.Build.0 = Release|Any CPU
		{D08A4C9F-BC0C-4DC6-A024-75CACEE9D7D6}.Release|x64.ActiveCfg = Release|Any CPU
		{D08A4C9F-BC0C-4DC6-A024-75CACEE9D7D6}.Release|x64.Build.0 = Release|Any CPU
		{D08A4C9F-BC0C-4DC6-A024-75CACEE9D7D6}.Release|x86.ActiveCfg = Release|Any CPU
		{D08A4C9F-BC0C-4DC6-A024-75CACEE9D7D6}.Release|x86.Build.0 = Release|Any CPU
		{52EA9A6E-E8DD-4E2F-8C84-5578CE7E5D26}.Debug|Any CPU.ActiveCfg = Debug|Any CPU
		{52EA9A6E-E8DD-4E2F-8C84-5578CE7E5D26}.Debug|Any CPU.Build.0 = Debug|Any CPU
		{52EA9A6E-E8DD-4E2F-8C84-5578CE7E5D26}.Debug|x64.ActiveCfg = Debug|Any CPU
		{52EA9A6E-E8DD-4E2F-8C84-5578CE7E5D26}.Debug|x64.Build.0 = Debug|Any CPU
		{52EA9A6E-E8DD-4E2F-8C84-5578CE7E5D26}.Debug|x86.ActiveCfg = Debug|Any CPU
		{52EA9A6E-E8DD-4E2F-8C84-5578CE7E5D26}.Debug|x86.Build.0 = Debug|Any CPU
		{52EA9A6E-E8DD-4E2F-8C84-5578CE7E5D26}.Release|Any CPU.ActiveCfg = Release|Any CPU
		{52EA9A6E-E8DD-4E2F-8C84-5578CE7E5D26}.Release|Any CPU.Build.0 = Release|Any CPU
		{52EA9A6E-E8DD-4E2F-8C84-5578CE7E5D26}.Release|x64.ActiveCfg = Release|Any CPU
		{52EA9A6E-E8DD-4E2F-8C84-5578CE7E5D26}.Release|x64.Build.0 = Release|Any CPU
		{52EA9A6E-E8DD-4E2F-8C84-5578CE7E5D26}.Release|x86.ActiveCfg = Release|Any CPU
		{52EA9A6E-E8DD-4E2F-8C84-5578CE7E5D26}.Release|x86.Build.0 = Release|Any CPU
		{151074DA-D78D-46A8-B3D7-77CDE3EDE0F6}.Debug|Any CPU.ActiveCfg = Debug|Any CPU
		{151074DA-D78D-46A8-B3D7-77CDE3EDE0F6}.Debug|Any CPU.Build.0 = Debug|Any CPU
		{151074DA-D78D-46A8-B3D7-77CDE3EDE0F6}.Debug|x64.ActiveCfg = Debug|Any CPU
		{151074DA-D78D-46A8-B3D7-77CDE3EDE0F6}.Debug|x64.Build.0 = Debug|Any CPU
		{151074DA-D78D-46A8-B3D7-77CDE3EDE0F6}.Debug|x86.ActiveCfg = Debug|Any CPU
		{151074DA-D78D-46A8-B3D7-77CDE3EDE0F6}.Debug|x86.Build.0 = Debug|Any CPU
		{151074DA-D78D-46A8-B3D7-77CDE3EDE0F6}.Release|Any CPU.ActiveCfg = Release|Any CPU
		{151074DA-D78D-46A8-B3D7-77CDE3EDE0F6}.Release|Any CPU.Build.0 = Release|Any CPU
		{151074DA-D78D-46A8-B3D7-77CDE3EDE0F6}.Release|x64.ActiveCfg = Release|Any CPU
		{151074DA-D78D-46A8-B3D7-77CDE3EDE0F6}.Release|x64.Build.0 = Release|Any CPU
		{151074DA-D78D-46A8-B3D7-77CDE3EDE0F6}.Release|x86.ActiveCfg = Release|Any CPU
		{151074DA-D78D-46A8-B3D7-77CDE3EDE0F6}.Release|x86.Build.0 = Release|Any CPU
		{85FB323F-B71A-47A2-8C13-CCBCCB1788CF}.Debug|Any CPU.ActiveCfg = Debug|Any CPU
		{85FB323F-B71A-47A2-8C13-CCBCCB1788CF}.Debug|Any CPU.Build.0 = Debug|Any CPU
		{85FB323F-B71A-47A2-8C13-CCBCCB1788CF}.Debug|x64.ActiveCfg = Debug|Any CPU
		{85FB323F-B71A-47A2-8C13-CCBCCB1788CF}.Debug|x64.Build.0 = Debug|Any CPU
		{85FB323F-B71A-47A2-8C13-CCBCCB1788CF}.Debug|x86.ActiveCfg = Debug|Any CPU
		{85FB323F-B71A-47A2-8C13-CCBCCB1788CF}.Debug|x86.Build.0 = Debug|Any CPU
		{85FB323F-B71A-47A2-8C13-CCBCCB1788CF}.Release|Any CPU.ActiveCfg = Release|Any CPU
		{85FB323F-B71A-47A2-8C13-CCBCCB1788CF}.Release|Any CPU.Build.0 = Release|Any CPU
		{85FB323F-B71A-47A2-8C13-CCBCCB1788CF}.Release|x64.ActiveCfg = Release|Any CPU
		{85FB323F-B71A-47A2-8C13-CCBCCB1788CF}.Release|x64.Build.0 = Release|Any CPU
		{85FB323F-B71A-47A2-8C13-CCBCCB1788CF}.Release|x86.ActiveCfg = Release|Any CPU
		{85FB323F-B71A-47A2-8C13-CCBCCB1788CF}.Release|x86.Build.0 = Release|Any CPU
		{C2289B79-4205-4452-91A8-82599343CF20}.Debug|Any CPU.ActiveCfg = Debug|Any CPU
		{C2289B79-4205-4452-91A8-82599343CF20}.Debug|Any CPU.Build.0 = Debug|Any CPU
		{C2289B79-4205-4452-91A8-82599343CF20}.Debug|x64.ActiveCfg = Debug|Any CPU
		{C2289B79-4205-4452-91A8-82599343CF20}.Debug|x64.Build.0 = Debug|Any CPU
		{C2289B79-4205-4452-91A8-82599343CF20}.Debug|x86.ActiveCfg = Debug|Any CPU
		{C2289B79-4205-4452-91A8-82599343CF20}.Debug|x86.Build.0 = Debug|Any CPU
		{C2289B79-4205-4452-91A8-82599343CF20}.Release|Any CPU.ActiveCfg = Release|Any CPU
		{C2289B79-4205-4452-91A8-82599343CF20}.Release|Any CPU.Build.0 = Release|Any CPU
		{C2289B79-4205-4452-91A8-82599343CF20}.Release|x64.ActiveCfg = Release|Any CPU
		{C2289B79-4205-4452-91A8-82599343CF20}.Release|x64.Build.0 = Release|Any CPU
		{C2289B79-4205-4452-91A8-82599343CF20}.Release|x86.ActiveCfg = Release|Any CPU
		{C2289B79-4205-4452-91A8-82599343CF20}.Release|x86.Build.0 = Release|Any CPU
		{077C6B75-48DA-4E9F-9B82-A978D5D2B5ED}.Debug|Any CPU.ActiveCfg = Debug|Any CPU
		{077C6B75-48DA-4E9F-9B82-A978D5D2B5ED}.Debug|Any CPU.Build.0 = Debug|Any CPU
		{077C6B75-48DA-4E9F-9B82-A978D5D2B5ED}.Debug|x64.ActiveCfg = Debug|Any CPU
		{077C6B75-48DA-4E9F-9B82-A978D5D2B5ED}.Debug|x64.Build.0 = Debug|Any CPU
		{077C6B75-48DA-4E9F-9B82-A978D5D2B5ED}.Debug|x86.ActiveCfg = Debug|Any CPU
		{077C6B75-48DA-4E9F-9B82-A978D5D2B5ED}.Debug|x86.Build.0 = Debug|Any CPU
		{077C6B75-48DA-4E9F-9B82-A978D5D2B5ED}.Release|Any CPU.ActiveCfg = Release|Any CPU
		{077C6B75-48DA-4E9F-9B82-A978D5D2B5ED}.Release|Any CPU.Build.0 = Release|Any CPU
		{077C6B75-48DA-4E9F-9B82-A978D5D2B5ED}.Release|x64.ActiveCfg = Release|Any CPU
		{077C6B75-48DA-4E9F-9B82-A978D5D2B5ED}.Release|x64.Build.0 = Release|Any CPU
		{077C6B75-48DA-4E9F-9B82-A978D5D2B5ED}.Release|x86.ActiveCfg = Release|Any CPU
		{077C6B75-48DA-4E9F-9B82-A978D5D2B5ED}.Release|x86.Build.0 = Release|Any CPU
	EndGlobalSection
	GlobalSection(SolutionProperties) = preSolution
		HideSolutionNode = FALSE
	EndGlobalSection
	GlobalSection(NestedProjects) = preSolution
		{532D945D-AB56-45A9-84B5-86FF0C9F6787} = {827E0CD3-B72D-47B6-A68D-7590B98EB39B}
		{A10CF1AA-1FEC-40FF-917D-A3EE404E54E1} = {827E0CD3-B72D-47B6-A68D-7590B98EB39B}
		{D08A4C9F-BC0C-4DC6-A024-75CACEE9D7D6} = {827E0CD3-B72D-47B6-A68D-7590B98EB39B}
		{52EA9A6E-E8DD-4E2F-8C84-5578CE7E5D26} = {827E0CD3-B72D-47B6-A68D-7590B98EB39B}
		{151074DA-D78D-46A8-B3D7-77CDE3EDE0F6} = {827E0CD3-B72D-47B6-A68D-7590B98EB39B}
		{85FB323F-B71A-47A2-8C13-CCBCCB1788CF} = {0AB3BF05-4346-4AA6-1389-037BE0695223}
		{C2289B79-4205-4452-91A8-82599343CF20} = {0AB3BF05-4346-4AA6-1389-037BE0695223}
		{077C6B75-48DA-4E9F-9B82-A978D5D2B5ED} = {0AB3BF05-4346-4AA6-1389-037BE0695223}
	EndGlobalSection
EndGlobal
